# This file is autogenerated, do not edit; changes may be undone by the next 'dep ensure'.


[[projects]]
  branch = "master"
  name = "github.com/HotelsDotCom/flyte-client"
  packages = [
    "client",
    "flyte",
    "healthcheck"
  ]
  revision = "ad4cc3a66ae50b72224431b04f555c777625b5b1"

[[projects]]
  branch = "master"
  name = "github.com/HotelsDotCom/go-logger"
  packages = [
    ".",
    "loggertest"
  ]
  revision = "687d54c98efb4376b68d6578d5ff7d83e4ccb64e"

[[projects]]
  name = "github.com/davecgh/go-spew"
  packages = ["spew"]
  revision = "346938d642f2ec3594ed81d874461961cd0faa76"
  version = "v1.1.0"

[[projects]]
  branch = "master"
  name = "github.com/nmcclain/asn1-ber"
  packages = ["."]
  revision = "2661553a04840c556cf4f3cd69fa3332bae84e9d"

[[projects]]
  branch = "master"
  name = "github.com/nmcclain/ldap"
  packages = ["."]
  revision = "6e14e82719330c918c5b4139cc80c51d7ebc5fba"

[[projects]]
  name = "github.com/pmezard/go-difflib"
  packages = ["difflib"]
  revision = "792786c7400a136282c1664665ae0a8db921c6c2"
  version = "v1.0.0"

[[projects]]
  name = "github.com/stretchr/testify"
  packages = [
    "assert",
    "require"
  ]
  revision = "12b6f73e6084dad08a7c6e575284b177ecafbc71"
  version = "v1.2.1"

[[projects]]
  name = "gopkg.in/asn1-ber.v1"
  packages = ["."]
  revision = "379148ca0225df7a432012b8df0355c2a2063ac0"
  version = "v1.2"

[[projects]]
  name = "gopkg.in/ldap.v2"
  packages = ["."]
  revision = "bb7a9ca6e4fbc2129e3db588a34bc970ffe811a9"
  version = "v2.5.1"

[solve-meta]
  analyzer-name = "dep"
  analyzer-version = 1
  inputs-digest = "ec3f883efe676dfbce4989df7ecbc95ebcc9246239d3ff47bdc077eb4cf07e4e"
  solver-name = "gps-cdcl"
  solver-version = 1
